
Microsoft Visual Studio Solution File, Format Version 12.00
# Visual Studio Version 17
VisualStudioVersion = 17.9.34728.123
MinimumVisualStudioVersion = 10.0.40219.1
Project("{FAE04EC0-301F-11D3-BF4B-00C04F79EFBC}") = "ExamProject", "ExamProject\ExamProject.csproj", "{D43324F2-CEF9-44A1-96F6-4617C9180BF9}"
EndProject
Global
	GlobalSection(SolutionConfigurationPlatforms) = preSolution
		Debug|Any CPU = Debug|Any CPU
		Release|Any CPU = Release|Any CPU
	EndGlobalSection
	GlobalSection(ProjectConfigurationPlatforms) = postSolution
		{D43324F2-CEF9-44A1-96F6-4617C9180BF9}.Debug|Any CPU.ActiveCfg = Debug|Any CPU
		{D43324F2-CEF9-44A1-96F6-4617C9180BF9}.Debug|Any CPU.Build.0 = Debug|Any CPU
		{D43324F2-CEF9-44A1-96F6-4617C9180BF9}.Release|Any CPU.ActiveCfg = Release|Any CPU
		{D43324F2-CEF9-44A1-96F6-4617C9180BF9}.Release|Any CPU.Build.0 = Release|Any CPU
	EndGlobalSection
	GlobalSection(SolutionProperties) = preSolution
		HideSolutionNode = FALSE
	EndGlobalSection
	GlobalSection(ExtensibilityGlobals) = postSolution
		SolutionGuid = {F4E12EFF-54B0-49CB-AC71-B1CC22D05CA5}
	EndGlobalSection
EndGlobal
